
Microsoft Visual Studio Solution File, Format Version 12.00
# Visual Studio Version 17
VisualStudioVersion = 17.11.35327.3
MinimumVisualStudioVersion = 10.0.40219.1
Project("{FAE04EC0-301F-11D3-BF4B-00C04F79EFBC}") = "ConsoleApp3", "ConsoleApp3.csproj", "{D4406E25-2BA6-42C9-A39E-E9EF96088CEE}"
EndProject
Global
	GlobalSection(SolutionConfigurationPlatforms) = preSolution
		Debug|Any CPU = Debug|Any CPU
		Release|Any CPU = Release|Any CPU
	EndGlobalSection
	GlobalSection(ProjectConfigurationPlatforms) = postSolution
		{D4406E25-2BA6-42C9-A39E-E9EF96088CEE}.Debug|Any CPU.ActiveCfg = Debug|Any CPU
		{D4406E25-2BA6-42C9-A39E-E9EF96088CEE}.Debug|Any CPU.Build.0 = Debug|Any CPU
		{D4406E25-2BA6-42C9-A39E-E9EF96088CEE}.Release|Any CPU.ActiveCfg = Release|Any CPU
		{D4406E25-2BA6-42C9-A39E-E9EF96088CEE}.Release|Any CPU.Build.0 = Release|Any CPU
	EndGlobalSection
	GlobalSection(SolutionProperties) = preSolution
		HideSolutionNode = FALSE
	EndGlobalSection
	GlobalSection(ExtensibilityGlobals) = postSolution
		SolutionGuid = {84248303-BBE8-47D0-AE29-06C3FF83B22B}
	EndGlobalSection
EndGlobal
